
Microsoft Visual Studio Solution File, Format Version 12.00
# Visual Studio Version 17
VisualStudioVersion = 17.8.34112.27
MinimumVisualStudioVersion = 10.0.40219.1
Project("{FAE04EC0-301F-11D3-BF4B-00C04F79EFBC}") = "01.Train", "01. Train\01.Train.csproj", "{9A185682-4B94-4754-B8E8-AF2450D97C5C}"
EndProject
Project("{FAE04EC0-301F-11D3-BF4B-00C04F79EFBC}") = "02.CommonElements", "02.CommonElements\02.CommonElements.csproj", "{CC751C19-6042-4870-AB2B-BBD6ACD51A9D}"
EndProject
Project("{FAE04EC0-301F-11D3-BF4B-00C04F79EFBC}") = "03.Zig-ZagArrays", "03.Zig-ZagArrays\03.Zig-ZagArrays.csproj", "{A40A7701-2CFF-44A0-9D9D-3AF76AD6E36F}"
EndProject
Project("{FAE04EC0-301F-11D3-BF4B-00C04F79EFBC}") = "04.ArrayRotation", "04.ArrayRotation\04.ArrayRotation.csproj", "{0235C835-D4E0-4C15-8E73-60263BDDD00E}"
EndProject
Project("{FAE04EC0-301F-11D3-BF4B-00C04F79EFBC}") = "05.TopIntegers", "05.TopIntegers\05.TopIntegers.csproj", "{BB72569C-C5FA-4F87-A94A-7D1FAC2FC3F4}"
EndProject
Project("{FAE04EC0-301F-11D3-BF4B-00C04F79EFBC}") = "06.EqualSum", "06.EqualSum\06.EqualSum.csproj", "{5F22E578-CFF9-45D0-A8BE-E52822E1E1D1}"
EndProject
Project("{FAE04EC0-301F-11D3-BF4B-00C04F79EFBC}") = "07.MaxSequenceOfEqualElements", "07.MaxSequenceOfEqualElements\07.MaxSequenceOfEqualElements.csproj", "{A49E49B8-5FBA-45B3-A1A6-FA1D84DC618D}"
EndProject
Project("{FAE04EC0-301F-11D3-BF4B-00C04F79EFBC}") = "08.MagicSum", "08. MagicSum\08.MagicSum.csproj", "{D6985CB8-FED1-4387-B27A-9A198A0362E2}"
EndProject
Global
	GlobalSection(SolutionConfigurationPlatforms) = preSolution
		Debug|Any CPU = Debug|Any CPU
		Release|Any CPU = Release|Any CPU
	EndGlobalSection
	GlobalSection(ProjectConfigurationPlatforms) = postSolution
		{9A185682-4B94-4754-B8E8-AF2450D97C5C}.Debug|Any CPU.ActiveCfg = Debug|Any CPU
		{9A185682-4B94-4754-B8E8-AF2450D97C5C}.Debug|Any CPU.Build.0 = Debug|Any CPU
		{9A185682-4B94-4754-B8E8-AF2450D97C5C}.Release|Any CPU.ActiveCfg = Release|Any CPU
		{9A185682-4B94-4754-B8E8-AF2450D97C5C}.Release|Any CPU.Build.0 = Release|Any CPU
		{CC751C19-6042-4870-AB2B-BBD6ACD51A9D}.Debug|Any CPU.ActiveCfg = Debug|Any CPU
		{CC751C19-6042-4870-AB2B-BBD6ACD51A9D}.Debug|Any CPU.Build.0 = Debug|Any CPU
		{CC751C19-6042-4870-AB2B-BBD6ACD51A9D}.Release|Any CPU.ActiveCfg = Release|Any CPU
		{CC751C19-6042-4870-AB2B-BBD6ACD51A9D}.Release|Any CPU.Build.0 = Release|Any CPU
		{A40A7701-2CFF-44A0-9D9D-3AF76AD6E36F}.Debug|Any CPU.ActiveCfg = Debug|Any CPU
		{A40A7701-2CFF-44A0-9D9D-3AF76AD6E36F}.Debug|Any CPU.Build.0 = Debug|Any CPU
		{A40A7701-2CFF-44A0-9D9D-3AF76AD6E36F}.Release|Any CPU.ActiveCfg = Release|Any CPU
		{A40A7701-2CFF-44A0-9D9D-3AF76AD6E36F}.Release|Any CPU.Build.0 = Release|Any CPU
		{0235C835-D4E0-4C15-8E73-60263BDDD00E}.Debug|Any CPU.ActiveCfg = Debug|Any CPU
		{0235C835-D4E0-4C15-8E73-60263BDDD00E}.Debug|Any CPU.Build.0 = Debug|Any CPU
		{0235C835-D4E0-4C15-8E73-60263BDDD00E}.Release|Any CPU.ActiveCfg = Release|Any CPU
		{0235C835-D4E0-4C15-8E73-60263BDDD00E}.Release|Any CPU.Build.0 = Release|Any CPU
		{BB72569C-C5FA-4F87-A94A-7D1FAC2FC3F4}.Debug|Any CPU.ActiveCfg = Debug|Any CPU
		{BB72569C-C5FA-4F87-A94A-7D1FAC2FC3F4}.Debug|Any CPU.Build.0 = Debug|Any CPU
		{BB72569C-C5FA-4F87-A94A-7D1FAC2FC3F4}.Release|Any CPU.ActiveCfg = Release|Any CPU
		{BB72569C-C5FA-4F87-A94A-7D1FAC2FC3F4}.Release|Any CPU.Build.0 = Release|Any CPU
		{5F22E578-CFF9-45D0-A8BE-E52822E1E1D1}.Debug|Any CPU.ActiveCfg = Debug|Any CPU
		{5F22E578-CFF9-45D0-A8BE-E52822E1E1D1}.Debug|Any CPU.Build.0 = Debug|Any CPU
		{5F22E578-CFF9-45D0-A8BE-E52822E1E1D1}.Release|Any CPU.ActiveCfg = Release|Any CPU
		{5F22E578-CFF9-45D0-A8BE-E52822E1E1D1}.Release|Any CPU.Build.0 = Release|Any CPU
		{A49E49B8-5FBA-45B3-A1A6-FA1D84DC618D}.Debug|Any CPU.ActiveCfg = Debug|Any CPU
		{A49E49B8-5FBA-45B3-A1A6-FA1D84DC618D}.Debug|Any CPU.Build.0 = Debug|Any CPU
		{A49E49B8-5FBA-45B3-A1A6-FA1D84DC618D}.Release|Any CPU.ActiveCfg = Release|Any CPU
		{A49E49B8-5FBA-45B3-A1A6-FA1D84DC618D}.Release|Any CPU.Build.0 = Release|Any CPU
		{D6985CB8-FED1-4387-B27A-9A198A0362E2}.Debug|Any CPU.ActiveCfg = Debug|Any CPU
		{D6985CB8-FED1-4387-B27A-9A198A0362E2}.Debug|Any CPU.Build.0 = Debug|Any CPU
		{D6985CB8-FED1-4387-B27A-9A198A0362E2}.Release|Any CPU.ActiveCfg = Release|Any CPU
		{D6985CB8-FED1-4387-B27A-9A198A0362E2}.Release|Any CPU.Build.0 = Release|Any CPU
	EndGlobalSection
	GlobalSection(SolutionProperties) = preSolution
		HideSolutionNode = FALSE
	EndGlobalSection
	GlobalSection(ExtensibilityGlobals) = postSolution
		SolutionGuid = {968AC707-C899-486B-B1DC-174FEA714921}
	EndGlobalSection
EndGlobal
